
Microsoft Visual Studio Solution File, Format Version 12.00
# Visual Studio Version 16
VisualStudioVersion = 16.0.28803.352
MinimumVisualStudioVersion = 10.0.40219.1
Project("{FAE04EC0-301F-11D3-BF4B-00C04F79EFBC}") = "OrganicFood", "OrganicFood\OrganicFood.csproj", "{2BE5698B-0699-4A23-AC25-8F0BE97FA55B}"
EndProject
Global
	GlobalSection(SolutionConfigurationPlatforms) = preSolution
		Debug|Any CPU = Debug|Any CPU
		Release|Any CPU = Release|Any CPU
	EndGlobalSection
	GlobalSection(ProjectConfigurationPlatforms) = postSolution
		{2BE5698B-0699-4A23-AC25-8F0BE97FA55B}.Debug|Any CPU.ActiveCfg = Debug|Any CPU
		{2BE5698B-0699-4A23-AC25-8F0BE97FA55B}.Debug|Any CPU.Build.0 = Debug|Any CPU
		{2BE5698B-0699-4A23-AC25-8F0BE97FA55B}.Release|Any CPU.ActiveCfg = Release|Any CPU
		{2BE5698B-0699-4A23-AC25-8F0BE97FA55B}.Release|Any CPU.Build.0 = Release|Any CPU
	EndGlobalSection
	GlobalSection(SolutionProperties) = preSolution
		HideSolutionNode = FALSE
	EndGlobalSection
	GlobalSection(ExtensibilityGlobals) = postSolution
		SolutionGuid = {D60E8BAA-1EBE-4C2C-8B07-9F8B198A1348}
	EndGlobalSection
EndGlobal
